{
  "version": "5",
  "specifiers": {
    "npm:@supabase/supabase-js@2": "2.84.0",
    "npm:hono@*": "4.10.6"
  },
  "npm": {
    "@supabase/auth-js@2.84.0": {
      "integrity": "sha512-J6XKbqqg1HQPMfYkAT9BrC8anPpAiifl7qoVLsYhQq5B/dnu/lxab1pabnxtJEsvYG5rwI5HEVEGXMjoQ6Wz2Q==",
      "dependencies": [
        "tslib"
      ]
    },
    "@supabase/functions-js@2.84.0": {
      "integrity": "sha512-2oY5QBV4py/s64zMlhPEz+4RTdlwxzmfhM1k2xftD2v1DruRZKfoe7Yn9DCz1VondxX8evcvpc2udEIGzHI+VA==",
      "dependencies": [
        "tslib"
      ]
    },
    "@supabase/postgrest-js@2.84.0": {
      "integrity": "sha512-oplc/3jfJeVW4F0J8wqywHkjIZvOVHtqzF0RESijepDAv5Dn/LThlGW1ftysoP4+PXVIrnghAbzPHo88fNomPQ==",
      "dependencies": [
        "tslib"
      ]
    },
    "@supabase/realtime-js@2.84.0": {
      "integrity": "sha512-ThqjxiCwWiZAroHnYPmnNl6tZk6jxGcG2a7Hp/3kcolPcMj89kWjUTA3cHmhdIWYsP84fHp8MAQjYWMLf7HEUg==",
      "dependencies": [
        "@types/phoenix",
        "@types/ws",
        "tslib",
        "ws"
      ]
    },
    "@supabase/storage-js@2.84.0": {
      "integrity": "sha512-vXvAJ1euCuhryOhC6j60dG8ky+lk0V06ubNo+CbhuoUv+sl39PyY0lc+k+qpQhTk/VcI6SiM0OECLN83+nyJ5A==",
      "dependencies": [
        "tslib"
      ]
    },
    "@supabase/supabase-js@2.84.0": {
      "integrity": "sha512-byMqYBvb91sx2jcZsdp0qLpmd4Dioe80e4OU/UexXftCkpTcgrkoENXHf5dO8FCSai8SgNeq16BKg10QiDI6xg==",
      "dependencies": [
        "@supabase/auth-js",
        "@supabase/functions-js",
        "@supabase/postgrest-js",
        "@supabase/realtime-js",
        "@supabase/storage-js"
      ]
    },
    "@types/node@24.2.0": {
      "integrity": "sha512-3xyG3pMCq3oYCNg7/ZP+E1ooTaGB4cG8JWRsqqOYQdbWNY4zbaV0Ennrd7stjiJEFZCaybcIgpTjJWHRfBSIDw==",
      "dependencies": [
        "undici-types"
      ]
    },
    "@types/phoenix@1.6.6": {
      "integrity": "sha512-PIzZZlEppgrpoT2QgbnDU+MMzuR6BbCjllj0bM70lWoejMeNJAxCchxnv7J3XFkI8MpygtRpzXrIlmWUBclP5A=="
    },
    "@types/ws@8.18.1": {
      "integrity": "sha512-ThVF6DCVhA8kUGy+aazFQ4kXQ7E1Ty7A3ypFOe0IcJV8O/M511G99AW24irKrW56Wt44yG9+ij8FaqoBGkuBXg==",
      "dependencies": [
        "@types/node"
      ]
    },
    "hono@4.10.6": {
      "integrity": "sha512-BIdolzGpDO9MQ4nu3AUuDwHZZ+KViNm+EZ75Ae55eMXMqLVhDFqEMXxtUe9Qh8hjL+pIna/frs2j6Y2yD5Ua/g=="
    },
    "tslib@2.8.1": {
      "integrity": "sha512-oJFu94HQb+KVduSUQL7wnpmqnfmLsOA/nAh6b6EH0wCEoK0/mPeXU6c3wKDV83MkOuHPRHtSXKKU99IBazS/2w=="
    },
    "undici-types@7.10.0": {
      "integrity": "sha512-t5Fy/nfn+14LuOc2KNYg75vZqClpAiqscVvMygNnlsHBFpSXdJaYtXMcdNLpl/Qvc3P2cB3s6lOV51nqsFq4ag=="
    },
    "ws@8.18.3": {
      "integrity": "sha512-PEIGCY5tSlUt50cqyMXfCzX+oOPqN0vuGqWzbcJ2xvnkzkq46oOpz7dQaTDBdfICb4N14+GARUDw2XV2N4tvzg=="
    }
  },
  "workspace": {
    "dependencies": [
      "npm:hono@*"
    ]
  }
}
